
Microsoft Visual Studio Solution File, Format Version 12.00
# Visual Studio Version 16
VisualStudioVersion = 16.0.29403.142
MinimumVisualStudioVersion = 10.0.40219.1
Project("{9A19103F-16F7-4668-BE54-9A1E7A4F7556}") = "Test.MicrochartsDemo", "Test.MicrochartsDemo\Test.MicrochartsDemo\Test.MicrochartsDemo.csproj", "{02DAC5A2-0375-4916-842D-C76D9ACF6A40}"
EndProject
Project("{FAE04EC0-301F-11D3-BF4B-00C04F79EFBC}") = "Test.MicrochartsDemo.Android", "Test.MicrochartsDemo\Test.MicrochartsDemo.Android\Test.MicrochartsDemo.Android.csproj", "{A6D23899-F4CC-4D53-ABD6-856EC38E17BA}"
EndProject
Project("{FAE04EC0-301F-11D3-BF4B-00C04F79EFBC}") = "Test.MicrochartsDemo.UWP", "Test.MicrochartsDemo\Test.MicrochartsDemo.UWP\Test.MicrochartsDemo.UWP.csproj", "{AA328758-4904-45FA-980C-379BEAB744EA}"
EndProject
Project("{2150E333-8FDC-42A3-9474-1A3956D46DE8}") = "Targets", "Targets", "{F8D2F269-5339-4E63-91AC-0A50E82734A1}"
EndProject
Project("{2150E333-8FDC-42A3-9474-1A3956D46DE8}") = "Solution Items", "Solution Items", "{97988F70-9BCF-4A4B-9957-330C551490B0}"
	ProjectSection(SolutionItems) = preProject
		.editorconfig = .editorconfig
		.gitignore = .gitignore
		CodeMaid.config = CodeMaid.config
		readme.md = readme.md
	EndProjectSection
EndProject
Global
	GlobalSection(SolutionConfigurationPlatforms) = preSolution
		Debug|Any CPU = Debug|Any CPU
		Debug|ARM = Debug|ARM
		Debug|x64 = Debug|x64
		Debug|x86 = Debug|x86
		Release|Any CPU = Release|Any CPU
		Release|ARM = Release|ARM
		Release|x64 = Release|x64
		Release|x86 = Release|x86
	EndGlobalSection
	GlobalSection(ProjectConfigurationPlatforms) = postSolution
		{02DAC5A2-0375-4916-842D-C76D9ACF6A40}.Debug|Any CPU.ActiveCfg = Debug|Any CPU
		{02DAC5A2-0375-4916-842D-C76D9ACF6A40}.Debug|Any CPU.Build.0 = Debug|Any CPU
		{02DAC5A2-0375-4916-842D-C76D9ACF6A40}.Debug|ARM.ActiveCfg = Debug|Any CPU
		{02DAC5A2-0375-4916-842D-C76D9ACF6A40}.Debug|ARM.Build.0 = Debug|Any CPU
		{02DAC5A2-0375-4916-842D-C76D9ACF6A40}.Debug|x64.ActiveCfg = Debug|Any CPU
		{02DAC5A2-0375-4916-842D-C76D9ACF6A40}.Debug|x64.Build.0 = Debug|Any CPU
		{02DAC5A2-0375-4916-842D-C76D9ACF6A40}.Debug|x86.ActiveCfg = Debug|Any CPU
		{02DAC5A2-0375-4916-842D-C76D9ACF6A40}.Debug|x86.Build.0 = Debug|Any CPU
		{02DAC5A2-0375-4916-842D-C76D9ACF6A40}.Release|Any CPU.ActiveCfg = Release|Any CPU
		{02DAC5A2-0375-4916-842D-C76D9ACF6A40}.Release|Any CPU.Build.0 = Release|Any CPU
		{02DAC5A2-0375-4916-842D-C76D9ACF6A40}.Release|ARM.ActiveCfg = Release|Any CPU
		{02DAC5A2-0375-4916-842D-C76D9ACF6A40}.Release|ARM.Build.0 = Release|Any CPU
		{02DAC5A2-0375-4916-842D-C76D9ACF6A40}.Release|x64.ActiveCfg = Release|Any CPU
		{02DAC5A2-0375-4916-842D-C76D9ACF6A40}.Release|x64.Build.0 = Release|Any CPU
		{02DAC5A2-0375-4916-842D-C76D9ACF6A40}.Release|x86.ActiveCfg = Release|Any CPU
		{02DAC5A2-0375-4916-842D-C76D9ACF6A40}.Release|x86.Build.0 = Release|Any CPU
		{A6D23899-F4CC-4D53-ABD6-856EC38E17BA}.Debug|Any CPU.ActiveCfg = Debug|Any CPU
		{A6D23899-F4CC-4D53-ABD6-856EC38E17BA}.Debug|Any CPU.Build.0 = Debug|Any CPU
		{A6D23899-F4CC-4D53-ABD6-856EC38E17BA}.Debug|Any CPU.Deploy.0 = Debug|Any CPU
		{A6D23899-F4CC-4D53-ABD6-856EC38E17BA}.Debug|ARM.ActiveCfg = Debug|Any CPU
		{A6D23899-F4CC-4D53-ABD6-856EC38E17BA}.Debug|ARM.Build.0 = Debug|Any CPU
		{A6D23899-F4CC-4D53-ABD6-856EC38E17BA}.Debug|ARM.Deploy.0 = Debug|Any CPU
		{A6D23899-F4CC-4D53-ABD6-856EC38E17BA}.Debug|x64.ActiveCfg = Debug|Any CPU
		{A6D23899-F4CC-4D53-ABD6-856EC38E17BA}.Debug|x64.Build.0 = Debug|Any CPU
		{A6D23899-F4CC-4D53-ABD6-856EC38E17BA}.Debug|x64.Deploy.0 = Debug|Any CPU
		{A6D23899-F4CC-4D53-ABD6-856EC38E17BA}.Debug|x86.ActiveCfg = Debug|Any CPU
		{A6D23899-F4CC-4D53-ABD6-856EC38E17BA}.Debug|x86.Build.0 = Debug|Any CPU
		{A6D23899-F4CC-4D53-ABD6-856EC38E17BA}.Debug|x86.Deploy.0 = Debug|Any CPU
		{A6D23899-F4CC-4D53-ABD6-856EC38E17BA}.Release|Any CPU.ActiveCfg = Release|Any CPU
		{A6D23899-F4CC-4D53-ABD6-856EC38E17BA}.Release|Any CPU.Build.0 = Release|Any CPU
		{A6D23899-F4CC-4D53-ABD6-856EC38E17BA}.Release|Any CPU.Deploy.0 = Release|Any CPU
		{A6D23899-F4CC-4D53-ABD6-856EC38E17BA}.Release|ARM.ActiveCfg = Release|Any CPU
		{A6D23899-F4CC-4D53-ABD6-856EC38E17BA}.Release|ARM.Build.0 = Release|Any CPU
		{A6D23899-F4CC-4D53-ABD6-856EC38E17BA}.Release|ARM.Deploy.0 = Release|Any CPU
		{A6D23899-F4CC-4D53-ABD6-856EC38E17BA}.Release|x64.ActiveCfg = Release|Any CPU
		{A6D23899-F4CC-4D53-ABD6-856EC38E17BA}.Release|x64.Build.0 = Release|Any CPU
		{A6D23899-F4CC-4D53-ABD6-856EC38E17BA}.Release|x64.Deploy.0 = Release|Any CPU
		{A6D23899-F4CC-4D53-ABD6-856EC38E17BA}.Release|x86.ActiveCfg = Release|Any CPU
		{A6D23899-F4CC-4D53-ABD6-856EC38E17BA}.Release|x86.Build.0 = Release|Any CPU
		{A6D23899-F4CC-4D53-ABD6-856EC38E17BA}.Release|x86.Deploy.0 = Release|Any CPU
		{AA328758-4904-45FA-980C-379BEAB744EA}.Debug|Any CPU.ActiveCfg = Debug|x86
		{AA328758-4904-45FA-980C-379BEAB744EA}.Debug|ARM.ActiveCfg = Debug|ARM
		{AA328758-4904-45FA-980C-379BEAB744EA}.Debug|ARM.Build.0 = Debug|ARM
		{AA328758-4904-45FA-980C-379BEAB744EA}.Debug|ARM.Deploy.0 = Debug|ARM
		{AA328758-4904-45FA-980C-379BEAB744EA}.Debug|x64.ActiveCfg = Debug|x64
		{AA328758-4904-45FA-980C-379BEAB744EA}.Debug|x64.Build.0 = Debug|x64
		{AA328758-4904-45FA-980C-379BEAB744EA}.Debug|x64.Deploy.0 = Debug|x64
		{AA328758-4904-45FA-980C-379BEAB744EA}.Debug|x86.ActiveCfg = Debug|x86
		{AA328758-4904-45FA-980C-379BEAB744EA}.Debug|x86.Build.0 = Debug|x86
		{AA328758-4904-45FA-980C-379BEAB744EA}.Debug|x86.Deploy.0 = Debug|x86
		{AA328758-4904-45FA-980C-379BEAB744EA}.Release|Any CPU.ActiveCfg = Release|x86
		{AA328758-4904-45FA-980C-379BEAB744EA}.Release|ARM.ActiveCfg = Release|ARM
		{AA328758-4904-45FA-980C-379BEAB744EA}.Release|ARM.Build.0 = Release|ARM
		{AA328758-4904-45FA-980C-379BEAB744EA}.Release|ARM.Deploy.0 = Release|ARM
		{AA328758-4904-45FA-980C-379BEAB744EA}.Release|x64.ActiveCfg = Release|x64
		{AA328758-4904-45FA-980C-379BEAB744EA}.Release|x64.Build.0 = Release|x64
		{AA328758-4904-45FA-980C-379BEAB744EA}.Release|x64.Deploy.0 = Release|x64
		{AA328758-4904-45FA-980C-379BEAB744EA}.Release|x86.ActiveCfg = Release|x86
		{AA328758-4904-45FA-980C-379BEAB744EA}.Release|x86.Build.0 = Release|x86
		{AA328758-4904-45FA-980C-379BEAB744EA}.Release|x86.Deploy.0 = Release|x86
	EndGlobalSection
	GlobalSection(SolutionProperties) = preSolution
		HideSolutionNode = FALSE
	EndGlobalSection
	GlobalSection(NestedProjects) = preSolution
		{A6D23899-F4CC-4D53-ABD6-856EC38E17BA} = {F8D2F269-5339-4E63-91AC-0A50E82734A1}
		{AA328758-4904-45FA-980C-379BEAB744EA} = {F8D2F269-5339-4E63-91AC-0A50E82734A1}
	EndGlobalSection
	GlobalSection(ExtensibilityGlobals) = postSolution
		SolutionGuid = {51853420-EA95-4130-93CB-045A5D1D829C}
	EndGlobalSection
EndGlobal
